
Microsoft Visual Studio Solution File, Format Version 12.00
# Visual Studio 2012
Project("{FAE04EC0-301F-11D3-BF4B-00C04F79EFBC}") = "JS.Entities", "JS.Entities\JS.Entities.csproj", "{7E25A809-7062-4C95-8B55-EDC39CBCCAAF}"
EndProject
Global
	GlobalSection(SolutionConfigurationPlatforms) = preSolution
		Debug|Any CPU = Debug|Any CPU
		Release|Any CPU = Release|Any CPU
	EndGlobalSection
	GlobalSection(ProjectConfigurationPlatforms) = postSolution
		{7E25A809-7062-4C95-8B55-EDC39CBCCAAF}.Debug|Any CPU.ActiveCfg = Debug|Any CPU
		{7E25A809-7062-4C95-8B55-EDC39CBCCAAF}.Debug|Any CPU.Build.0 = Debug|Any CPU
		{7E25A809-7062-4C95-8B55-EDC39CBCCAAF}.Release|Any CPU.ActiveCfg = Release|Any CPU
		{7E25A809-7062-4C95-8B55-EDC39CBCCAAF}.Release|Any CPU.Build.0 = Release|Any CPU
	EndGlobalSection
	GlobalSection(SolutionProperties) = preSolution
		HideSolutionNode = FALSE
	EndGlobalSection
EndGlobal
